// !$*UTF8*$!
{
	archiveVersion = 1;
	classes = {
	};
	objectVersion = 46;
	objects = {

/* Begin PBXBuildFile section */
		C22EC83A1D0E4542007FCF94 /* main.m in Sources */ = {isa = PBXBuildFile; fileRef = C22EC8391D0E4542007FCF94 /* main.m */; };
		C22EC83D1D0E4542007FCF94 /* AppDelegate.m in Sources */ = {isa = PBXBuildFile; fileRef = C22EC83C1D0E4542007FCF94 /* AppDelegate.m */; };
		C22EC8401D0E4542007FCF94 /* ViewController.m in Sources */ = {isa = PBXBuildFile; fileRef = C22EC83F1D0E4542007FCF94 /* ViewController.m */; };
		C22EC8431D0E4542007FCF94 /* Main.storyboard in Resources */ = {isa = PBXBuildFile; fileRef = C22EC8411D0E4542007FCF94 /* Main.storyboard */; };
		C22EC8451D0E4542007FCF94 /* Assets.xcassets in Resources */ = {isa = PBXBuildFile; fileRef = C22EC8441D0E4542007FCF94 /* Assets.xcassets */; };
		C22EC8481D0E4542007FCF94 /* LaunchScreen.storyboard in Resources */ = {isa = PBXBuildFile; fileRef = C22EC8461D0E4542007FCF94 /* LaunchScreen.storyboard */; };
/* End PBXBuildFile section */

/* Begin PBXFileReference section */
		C22EC8351D0E4542007FCF94 /* 12312.app */ = {isa = PBXFileReference; explicitFileType = wrapper.application; includeInIndex = 0; path = 12312.app; sourceTree = BUILT_PRODUCTS_DIR; };
		C22EC8391D0E4542007FCF94 /* main.m */ = {isa = PBXFileReference; lastKnownFileType = sourcecode.c.objc; path = main.m; sourceTree = "<group>"; };
		C22EC83B1D0E4542007FCF94 /* AppDelegate.h */ = {isa = PBXFileReference; lastKnownFileType = sourcecode.c.h; path = AppDelegate.h; sourceTree = "<group>"; };
		C22EC83C1D0E4542007FCF94 /* AppDelegate.m */ = {isa = PBXFileReference; lastKnownFileType = sourcecode.c.objc; path = AppDelegate.m; sourceTree = "<group>"; };
		C22EC83E1D0E4542007FCF94 /* ViewController.h */ = {isa = PBXFileReference; lastKnownFileType = sourcecode.c.h; path = ViewController.h; sourceTree = "<group>"; };
		C22EC83F1D0E4542007FCF94 /* ViewController.m */ = {isa = PBXFileReference; lastKnownFileType = sourcecode.c.objc; path = ViewController.m; sourceTree = "<group>"; };
		C22EC8421D0E4542007FCF94 /* Base */ = {isa = PBXFileReference; lastKnownFileType = file.storyboard; name = Base; path = Base.lproj/Main.storyboard; sourceTree = "<group>"; };
		C22EC8441D0E4542007FCF94 /* Assets.xcassets */ = {isa = PBXFileReference; lastKnownFileType = folder.assetcatalog; path = Assets.xcassets; sourceTree = "<group>"; };
		C22EC8471D0E4542007FCF94 /* Base */ = {isa = PBXFileReference; lastKnownFileType = file.storyboard; name = Base; path = Base.lproj/LaunchScreen.storyboard; sourceTree = "<group>"; };
		C22EC8491D0E4542007FCF94 /* Info.plist */ = {isa = PBXFileReference; lastKnownFileType = text.plist.xml; path = Info.plist; sourceTree = "<group>"; };
/* End PBXFileReference section */

/* Begin PBXFrameworksBuildPhase section */
		C22EC8321D0E4542007FCF94 /* Frameworks */ = {
			isa = PBXFrameworksBuildPhase;
			buildActionMask = 2147483647;
			files = (
			);
			runOnlyForDeploymentPostprocessing = 0;
		};
/* End PBXFrameworksBuildPhase section */

/* Begin PBXGroup section */
		C22EC82C1D0E4542007FCF94 = {
			isa = PBXGroup;
			children = (
				C22EC8371D0E4542007FCF94 /* 12312 */,
				C22EC8361D0E4542007FCF94 /* Products */,
			);
			sourceTree = "<group>";
		};
		C22EC8361D0E4542007FCF94 /* Products */ = {
			isa = PBXGroup;
			children = (
				C22EC8351D0E4542007FCF94 /* 12312.app */,
			);
			name = Products;
			sourceTree = "<group>";
		};
		C22EC8371D0E4542007FCF94 /* 12312 */ = {
			isa = PBXGroup;
			children = (
				C22EC83B1D0E4542007FCF94 /* AppDelegate.h */,
				C22EC83C1D0E4542007FCF94 /* AppDelegate.m */,
				C22EC83E1D0E4542007FCF94 /* ViewController.h */,
				C22EC83F1D0E4542007FCF94 /* ViewController.m */,
				C22EC8411D0E4542007FCF94 /* Main.storyboard */,
				C22EC8441D0E4542007FCF94 /* Assets.xcassets */,
				C22EC8461D0E4542007FCF94 /* LaunchScreen.storyboard */,
				C22EC8491D0E4542007FCF94 /* Info.plist */,
				C22EC8381D0E4542007FCF94 /* Supporting Files */,
			);
			path = 12312;
			sourceTree = "<group>";
		};
		C22EC8381D0E4542007FCF94 /* Supporting Files */ = {
			isa = PBXGroup;
			children = (
				C22EC8391D0E4542007FCF94 /* main.m */,
			);
			name = "Supporting Files";
			sourceTree = "<group>";
		};
/* End PBXGroup section */

/* Begin PBXNativeTarget section */
		C22EC8341D0E4542007FCF94 /* 12312 */ = {
			isa = PBXNativeTarget;
			buildConfigurationList = C22EC84C1D0E4542007FCF94 /* Build configuration list for PBXNativeTarget "12312" */;
			buildPhases = (
				C22EC8311D0E4542007FCF94 /* Sources */,
				C22EC8321D0E4542007FCF94 /* Frameworks */,
				C22EC8331D0E4542007FCF94 /* Resources */,
			);
			buildRules = (
			);
			dependencies = (
			);
			name = 12312;
			productName = 12312;
			productReference = C22EC8351D0E4542007FCF94 /* 12312.app */;
			productType = "com.apple.product-type.application";
		};
/* End PBXNativeTarget section */

/* Begin PBXProject section */
		C22EC82D1D0E4542007FCF94 /* Project object */ = {
			isa = PBXProject;
			attributes = {
				LastUpgradeCheck = 0730;
				ORGANIZATIONNAME = Rob_Ghost;
				TargetAttributes = {
					C22EC8341D0E4542007FCF94 = {
						CreatedOnToolsVersion = 7.3;
					};
				};
			};
			buildConfigurationList = C22EC8301D0E4542007FCF94 /* Build configuration list for PBXProject "12312" */;
			compatibilityVersion = "Xcode 3.2";
			developmentRegion = English;
			hasScannedForEncodings = 0;
			knownRegions = (
				en,
				Base,
			);
			mainGroup = C22EC82C1D0E4542007FCF94;
			productRefGroup = C22EC8361D0E4542007FCF94 /* Products */;
			projectDirPath = "";
			projectRoot = "";
			targets = (
				C22EC8341D0E4542007FCF94 /* 12312 */,
			);
		};
/* End PBXProject section */

/* Begin PBXResourcesBuildPhase section */
		C22EC8331D0E4542007FCF94 /* Resources */ = {
			isa = PBXResourcesBuildPhase;
			buildActionMask = 2147483647;
			files = (
				C22EC8481D0E4542007FCF94 /* LaunchScreen.storyboard in Resources */,
				C22EC8451D0E4542007FCF94 /* Assets.xcassets in Resources */,
				C22EC8431D0E4542007FCF94 /* Main.storyboard in Resources */,
			);
			runOnlyForDeploymentPostprocessing = 0;
		};
/* End PBXResourcesBuildPhase section */

/* Begin PBXSourcesBuildPhase section */
		C22EC8311D0E4542007FCF94 /* Sources */ = {
			isa = PBXSourcesBuildPhase;
			buildActionMask = 2147483647;
			files = (
				C22EC8401D0E4542007FCF94 /* ViewController.m in Sources */,
				C22EC83D1D0E4542007FCF94 /* AppDelegate.m in Sources */,
				C22EC83A1D0E4542007FCF94 /* main.m in Sources */,
			);
			runOnlyForDeploymentPostprocessing = 0;
		};
/* End PBXSourcesBuildPhase section */

/* Begin PBXVariantGroup section */
		C22EC8411D0E4542007FCF94 /* Main.storyboard */ = {
			isa = PBXVariantGroup;
			children = (
				C22EC8421D0E4542007FCF94 /* Base */,
			);
			name = Main.storyboard;
			sourceTree = "<group>";
		};
		C22EC8461D0E4542007FCF94 /* LaunchScreen.storyboard */ = {
			isa = PBXVariantGroup;
			children = (
				C22EC8471D0E4542007FCF94 /* Base */,
			);
			name = LaunchScreen.storyboard;
			sourceTree = "<group>";
		};
/* End PBXVariantGroup section */

/* Begin XCBuildConfiguration section */
		C22EC84A1D0E4542007FCF94 /* Debug */ = {
			isa = XCBuildConfiguration;
			buildSettings = {
				ALWAYS_SEARCH_USER_PATHS = NO;
				CLANG_ANALYZER_NONNULL = YES;
				CLANG_CXX_LANGUAGE_STANDARD = "gnu++0x";
				CLANG_CXX_LIBRARY = "libc++";
				CLANG_ENABLE_MODULES = YES;
				CLANG_ENABLE_OBJC_ARC = YES;
				CLANG_WARN_BOOL_CONVERSION = YES;
				CLANG_WARN_CONSTANT_CONVERSION = YES;
				CLANG_WARN_DIRECT_OBJC_ISA_USAGE = YES_ERROR;
				CLANG_WARN_EMPTY_BODY = YES;
				CLANG_WARN_ENUM_CONVERSION = YES;
				CLANG_WARN_INT_CONVERSION = YES;
				CLANG_WARN_OBJC_ROOT_CLASS = YES_ERROR;
				CLANG_WARN_UNREACHABLE_CODE = YES;
				CLANG_WARN__DUPLICATE_METHOD_MATCH = YES;
				"CODE_SIGN_IDENTITY[sdk=iphoneos*]" = "iPhone Developer";
				COPY_PHASE_STRIP = NO;
				DEBUG_INFORMATION_FORMAT = dwarf;
				ENABLE_STRICT_OBJC_MSGSEND = YES;
				ENABLE_TESTABILITY = YES;
				GCC_C_LANGUAGE_STANDARD = gnu99;
				GCC_DYNAMIC_NO_PIC = NO;
				GCC_NO_COMMON_BLOCKS = YES;
				GCC_OPTIMIZATION_LEVEL = 0;
				GCC_PREPROCESSOR_DEFINITIONS = (
					"DEBUG=1",
					"$(inherited)",
				);
				GCC_WARN_64_TO_32_BIT_CONVERSION = YES;
				GCC_WARN_ABOUT_RETURN_TYPE = YES_ERROR;
				GCC_WARN_UNDECLARED_SELECTOR = YES;
				GCC_WARN_UNINITIALIZED_AUTOS = YES_AGGRESSIVE;
				GCC_WARN_UNUSED_FUNCTION = YES;
				GCC_WARN_UNUSED_VARIABLE = YES;
				IPHONEOS_DEPLOYMENT_TARGET = 9.3;
				MTL_ENABLE_DEBUG_INFO = YES;
				ONLY_ACTIVE_ARCH = YES;
				SDKROOT = iphoneos;
				TARGETED_DEVICE_FAMILY = "1,2";
			};
			name = Debug;
		};
		C22EC84B1D0E4542007FCF94 /* Release */ = {
			isa = XCBuildConfiguration;
			buildSettings = {
				ALWAYS_SEARCH_USER_PATHS = NO;
				CLANG_ANALYZER_NONNULL = YES;
				CLANG_CXX_LANGUAGE_STANDARD = "gnu++0x";
				CLANG_CXX_LIBRARY = "libc++";
				CLANG_ENABLE_MODULES = YES;
				CLANG_ENABLE_OBJC_ARC = YES;
				CLANG_WARN_BOOL_CONVERSION = YES;
				CLANG_WARN_CONSTANT_CONVERSION = YES;
				CLANG_WARN_DIRECT_OBJC_ISA_USAGE = YES_ERROR;
				CLANG_WARN_EMPTY_BODY = YES;
				CLANG_WARN_ENUM_CONVERSION = YES;
				CLANG_WARN_INT_CONVERSION = YES;
				CLANG_WARN_OBJC_ROOT_CLASS = YES_ERROR;
				CLANG_WARN_UNREACHABLE_CODE = YES;
				CLANG_WARN__DUPLICATE_METHOD_MATCH = YES;
				"CODE_SIGN_IDENTITY[sdk=iphoneos*]" = "iPhone Developer";
				COPY_PHASE_STRIP = NO;
				DEBUG_INFORMATION_FORMAT = "dwarf-with-dsym";
				ENABLE_NS_ASSERTIONS = NO;
				ENABLE_STRICT_OBJC_MSGSEND = YES;
				GCC_C_LANGUAGE_STANDARD = gnu99;
				GCC_NO_COMMON_BLOCKS = YES;
				GCC_WARN_64_TO_32_BIT_CONVERSION = YES;
				GCC_WARN_ABOUT_RETURN_TYPE = YES_ERROR;
				GCC_WARN_UNDECLARED_SELECTOR = YES;
				GCC_WARN_UNINITIALIZED_AUTOS = YES_AGGRESSIVE;
				GCC_WARN_UNUSED_FUNCTION = YES;
				GCC_WARN_UNUSED_VARIABLE = YES;
				IPHONEOS_DEPLOYMENT_TARGET = 9.3;
				MTL_ENABLE_DEBUG_INFO = NO;
				SDKROOT = iphoneos;
				TARGETED_DEVICE_FAMILY = "1,2";
				VALIDATE_PRODUCT = YES;
			};
			name = Release;
		};
		C22EC84D1D0E4542007FCF94 /* Debug */ = {
			isa = XCBuildConfiguration;
			buildSettings = {
				ASSETCATALOG_COMPILER_APPICON_NAME = AppIcon;
				INFOPLIST_FILE = 12312/Info.plist;
				LD_RUNPATH_SEARCH_PATHS = "$(inherited) @executable_path/Frameworks";
				PRODUCT_BUNDLE_IDENTIFIER = "Spectre.com.-2312";
				PRODUCT_NAME = "$(TARGET_NAME)";
			};
			name = Debug;
		};
		C22EC84E1D0E4542007FCF94 /* Release */ = {
			isa = XCBuildConfiguration;
			buildSettings = {
				ASSETCATALOG_COMPILER_APPICON_NAME = AppIcon;
				INFOPLIST_FILE = 12312/Info.plist;
				LD_RUNPATH_SEARCH_PATHS = "$(inherited) @executable_path/Frameworks";
				PRODUCT_BUNDLE_IDENTIFIER = "Spectre.com.-2312";
				PRODUCT_NAME = "$(TARGET_NAME)";
			};
			name = Release;
		};
/* End XCBuildConfiguration section */

/* Begin XCConfigurationList section */
		C22EC8301D0E4542007FCF94 /* Build configuration list for PBXProject "12312" */ = {
			isa = XCConfigurationList;
			buildConfigurations = (
				C22EC84A1D0E4542007FCF94 /* Debug */,
				C22EC84B1D0E4542007FCF94 /* Release */,
			);
			defaultConfigurationIsVisible = 0;
			defaultConfigurationName = Release;
		};
		C22EC84C1D0E4542007FCF94 /* Build configuration list for PBXNativeTarget "12312" */ = {
			isa = XCConfigurationList;
			buildConfigurations = (
				C22EC84D1D0E4542007FCF94 /* Debug */,
				C22EC84E1D0E4542007FCF94 /* Release */,
			);
			defaultConfigurationIsVisible = 0;
		};
/* End XCConfigurationList section */
	};
	rootObject = C22EC82D1D0E4542007FCF94 /* Project object */;
}
