// !$*UTF8*$!
{
	archiveVersion = 1;
	classes = {
	};
	objectVersion = 46;
	objects = {

/* Begin PBXBuildFile section */
		1ABEEA581D8A1FEB045256A3 /* libPods-喜闻乐见.a in Frameworks */ = {isa = PBXBuildFile; fileRef = 5F768752820E6036F395AA70 /* libPods-喜闻乐见.a */; };
		7E130EB71D0D88120083E6A5 /* main.m in Sources */ = {isa = PBXBuildFile; fileRef = 7E130EB61D0D88120083E6A5 /* main.m */; };
		7E130EC21D0D88120083E6A5 /* Assets.xcassets in Resources */ = {isa = PBXBuildFile; fileRef = 7E130EC11D0D88120083E6A5 /* Assets.xcassets */; };
		7E130EC51D0D88120083E6A5 /* LaunchScreen.storyboard in Resources */ = {isa = PBXBuildFile; fileRef = 7E130EC31D0D88120083E6A5 /* LaunchScreen.storyboard */; };
		7E85734D1D0E3E4900499C86 /* AppDelegate.m in Sources */ = {isa = PBXBuildFile; fileRef = 7E8573461D0E3E4900499C86 /* AppDelegate.m */; };
/* End PBXBuildFile section */

/* Begin PBXFileReference section */
		51B9BD5558CCBFE4E59E1788 /* Pods-喜闻乐见.debug.xcconfig */ = {isa = PBXFileReference; includeInIndex = 1; lastKnownFileType = text.xcconfig; name = "Pods-喜闻乐见.debug.xcconfig"; path = "Pods/Target Support Files/Pods-喜闻乐见/Pods-喜闻乐见.debug.xcconfig"; sourceTree = "<group>"; };
		5F768752820E6036F395AA70 /* libPods-喜闻乐见.a */ = {isa = PBXFileReference; explicitFileType = archive.ar; includeInIndex = 0; path = "libPods-喜闻乐见.a"; sourceTree = BUILT_PRODUCTS_DIR; };
		7E130EB21D0D88120083E6A5 /* 喜闻乐见.app */ = {isa = PBXFileReference; explicitFileType = wrapper.application; includeInIndex = 0; path = "喜闻乐见.app"; sourceTree = BUILT_PRODUCTS_DIR; };
		7E130EB61D0D88120083E6A5 /* main.m */ = {isa = PBXFileReference; lastKnownFileType = sourcecode.c.objc; path = main.m; sourceTree = "<group>"; };
		7E130EC11D0D88120083E6A5 /* Assets.xcassets */ = {isa = PBXFileReference; lastKnownFileType = folder.assetcatalog; path = Assets.xcassets; sourceTree = "<group>"; };
		7E130EC41D0D88120083E6A5 /* Base */ = {isa = PBXFileReference; lastKnownFileType = file.storyboard; name = Base; path = Base.lproj/LaunchScreen.storyboard; sourceTree = "<group>"; };
		7E130EC61D0D88120083E6A5 /* Info.plist */ = {isa = PBXFileReference; lastKnownFileType = text.plist.xml; path = Info.plist; sourceTree = "<group>"; };
		7E8573451D0E3E4900499C86 /* AppDelegate.h */ = {isa = PBXFileReference; fileEncoding = 4; lastKnownFileType = sourcecode.c.h; path = AppDelegate.h; sourceTree = "<group>"; };
		7E8573461D0E3E4900499C86 /* AppDelegate.m */ = {isa = PBXFileReference; fileEncoding = 4; lastKnownFileType = sourcecode.c.objc; path = AppDelegate.m; sourceTree = "<group>"; };
		F7214F26334FF339BEC5F739 /* Pods-喜闻乐见.release.xcconfig */ = {isa = PBXFileReference; includeInIndex = 1; lastKnownFileType = text.xcconfig; name = "Pods-喜闻乐见.release.xcconfig"; path = "Pods/Target Support Files/Pods-喜闻乐见/Pods-喜闻乐见.release.xcconfig"; sourceTree = "<group>"; };
/* End PBXFileReference section */

/* Begin PBXFrameworksBuildPhase section */
		7E130EAF1D0D88120083E6A5 /* Frameworks */ = {
			isa = PBXFrameworksBuildPhase;
			buildActionMask = 2147483647;
			files = (
				1ABEEA581D8A1FEB045256A3 /* libPods-喜闻乐见.a in Frameworks */,
			);
			runOnlyForDeploymentPostprocessing = 0;
		};
/* End PBXFrameworksBuildPhase section */

/* Begin PBXGroup section */
		3C9C4D163787C4703AFFCAC8 /* Pods */ = {
			isa = PBXGroup;
			children = (
				51B9BD5558CCBFE4E59E1788 /* Pods-喜闻乐见.debug.xcconfig */,
				F7214F26334FF339BEC5F739 /* Pods-喜闻乐见.release.xcconfig */,
			);
			name = Pods;
			sourceTree = "<group>";
		};
		7E130EA91D0D88120083E6A5 = {
			isa = PBXGroup;
			children = (
				7E130EB41D0D88120083E6A5 /* 喜闻乐见 */,
				7E130EB31D0D88120083E6A5 /* Products */,
				3C9C4D163787C4703AFFCAC8 /* Pods */,
				CFFD890E0DF03D34B035EE89 /* Frameworks */,
			);
			sourceTree = "<group>";
		};
		7E130EB31D0D88120083E6A5 /* Products */ = {
			isa = PBXGroup;
			children = (
				7E130EB21D0D88120083E6A5 /* 喜闻乐见.app */,
			);
			name = Products;
			sourceTree = "<group>";
		};
		7E130EB41D0D88120083E6A5 /* 喜闻乐见 */ = {
			isa = PBXGroup;
			children = (
				7E8573431D0E3E4900499C86 /* Classes */,
				7E130EC11D0D88120083E6A5 /* Assets.xcassets */,
				7E130EC31D0D88120083E6A5 /* LaunchScreen.storyboard */,
				7E130EC61D0D88120083E6A5 /* Info.plist */,
				7E130EB51D0D88120083E6A5 /* Supporting Files */,
			);
			path = "喜闻乐见";
			sourceTree = "<group>";
		};
		7E130EB51D0D88120083E6A5 /* Supporting Files */ = {
			isa = PBXGroup;
			children = (
				7E130EB61D0D88120083E6A5 /* main.m */,
			);
			name = "Supporting Files";
			sourceTree = "<group>";
		};
		7E8573431D0E3E4900499C86 /* Classes */ = {
			isa = PBXGroup;
			children = (
				7E8573441D0E3E4900499C86 /* AppDelegate */,
				7E8573471D0E3E4900499C86 /* General */,
				7E8573481D0E3E4900499C86 /* Helpers */,
				7E8573491D0E3E4900499C86 /* Macros */,
				7E85734A1D0E3E4900499C86 /* Opensource */,
				7E85734B1D0E3E4900499C86 /* Resources */,
				7E85734C1D0E3E4900499C86 /* Scenes */,
			);
			path = Classes;
			sourceTree = "<group>";
		};
		7E8573441D0E3E4900499C86 /* AppDelegate */ = {
			isa = PBXGroup;
			children = (
				7E8573451D0E3E4900499C86 /* AppDelegate.h */,
				7E8573461D0E3E4900499C86 /* AppDelegate.m */,
			);
			path = AppDelegate;
			sourceTree = "<group>";
		};
		7E8573471D0E3E4900499C86 /* General */ = {
			isa = PBXGroup;
			children = (
			);
			path = General;
			sourceTree = "<group>";
		};
		7E8573481D0E3E4900499C86 /* Helpers */ = {
			isa = PBXGroup;
			children = (
			);
			path = Helpers;
			sourceTree = "<group>";
		};
		7E8573491D0E3E4900499C86 /* Macros */ = {
			isa = PBXGroup;
			children = (
			);
			path = Macros;
			sourceTree = "<group>";
		};
		7E85734A1D0E3E4900499C86 /* Opensource */ = {
			isa = PBXGroup;
			children = (
			);
			path = Opensource;
			sourceTree = "<group>";
		};
		7E85734B1D0E3E4900499C86 /* Resources */ = {
			isa = PBXGroup;
			children = (
			);
			path = Resources;
			sourceTree = "<group>";
		};
		7E85734C1D0E3E4900499C86 /* Scenes */ = {
			isa = PBXGroup;
			children = (
			);
			path = Scenes;
			sourceTree = "<group>";
		};
		CFFD890E0DF03D34B035EE89 /* Frameworks */ = {
			isa = PBXGroup;
			children = (
				5F768752820E6036F395AA70 /* libPods-喜闻乐见.a */,
			);
			name = Frameworks;
			sourceTree = "<group>";
		};
/* End PBXGroup section */

/* Begin PBXNativeTarget section */
		7E130EB11D0D88120083E6A5 /* 喜闻乐见 */ = {
			isa = PBXNativeTarget;
			buildConfigurationList = 7E130EC91D0D88120083E6A5 /* Build configuration list for PBXNativeTarget "喜闻乐见" */;
			buildPhases = (
				954CF2D7E3D0E089A1761C91 /* 📦 Check Pods Manifest.lock */,
				7E130EAE1D0D88120083E6A5 /* Sources */,
				7E130EAF1D0D88120083E6A5 /* Frameworks */,
				7E130EB01D0D88120083E6A5 /* Resources */,
				4BCDCD14656E8EC8B542D9CE /* 📦 Embed Pods Frameworks */,
				47C38761AC606BDE466C2340 /* 📦 Copy Pods Resources */,
			);
			buildRules = (
			);
			dependencies = (
			);
			name = "喜闻乐见";
			productName = "喜闻乐见";
			productReference = 7E130EB21D0D88120083E6A5 /* 喜闻乐见.app */;
			productType = "com.apple.product-type.application";
		};
/* End PBXNativeTarget section */

/* Begin PBXProject section */
		7E130EAA1D0D88120083E6A5 /* Project object */ = {
			isa = PBXProject;
			attributes = {
				LastUpgradeCheck = 0720;
				ORGANIZATIONNAME = boon;
				TargetAttributes = {
					7E130EB11D0D88120083E6A5 = {
						CreatedOnToolsVersion = 7.2;
						DevelopmentTeam = 6C9LHVFQEM;
					};
				};
			};
			buildConfigurationList = 7E130EAD1D0D88120083E6A5 /* Build configuration list for PBXProject "喜闻乐见" */;
			compatibilityVersion = "Xcode 3.2";
			developmentRegion = English;
			hasScannedForEncodings = 0;
			knownRegions = (
				en,
				Base,
			);
			mainGroup = 7E130EA91D0D88120083E6A5;
			productRefGroup = 7E130EB31D0D88120083E6A5 /* Products */;
			projectDirPath = "";
			projectRoot = "";
			targets = (
				7E130EB11D0D88120083E6A5 /* 喜闻乐见 */,
			);
		};
/* End PBXProject section */

/* Begin PBXResourcesBuildPhase section */
		7E130EB01D0D88120083E6A5 /* Resources */ = {
			isa = PBXResourcesBuildPhase;
			buildActionMask = 2147483647;
			files = (
				7E130EC51D0D88120083E6A5 /* LaunchScreen.storyboard in Resources */,
				7E130EC21D0D88120083E6A5 /* Assets.xcassets in Resources */,
			);
			runOnlyForDeploymentPostprocessing = 0;
		};
/* End PBXResourcesBuildPhase section */

/* Begin PBXShellScriptBuildPhase section */
		47C38761AC606BDE466C2340 /* 📦 Copy Pods Resources */ = {
			isa = PBXShellScriptBuildPhase;
			buildActionMask = 2147483647;
			files = (
			);
			inputPaths = (
			);
			name = "📦 Copy Pods Resources";
			outputPaths = (
			);
			runOnlyForDeploymentPostprocessing = 0;
			shellPath = /bin/sh;
			shellScript = "\"${SRCROOT}/Pods/Target Support Files/Pods-喜闻乐见/Pods-喜闻乐见-resources.sh\"\n";
			showEnvVarsInLog = 0;
		};
		4BCDCD14656E8EC8B542D9CE /* 📦 Embed Pods Frameworks */ = {
			isa = PBXShellScriptBuildPhase;
			buildActionMask = 2147483647;
			files = (
			);
			inputPaths = (
			);
			name = "📦 Embed Pods Frameworks";
			outputPaths = (
			);
			runOnlyForDeploymentPostprocessing = 0;
			shellPath = /bin/sh;
			shellScript = "\"${SRCROOT}/Pods/Target Support Files/Pods-喜闻乐见/Pods-喜闻乐见-frameworks.sh\"\n";
			showEnvVarsInLog = 0;
		};
		954CF2D7E3D0E089A1761C91 /* 📦 Check Pods Manifest.lock */ = {
			isa = PBXShellScriptBuildPhase;
			buildActionMask = 2147483647;
			files = (
			);
			inputPaths = (
			);
			name = "📦 Check Pods Manifest.lock";
			outputPaths = (
			);
			runOnlyForDeploymentPostprocessing = 0;
			shellPath = /bin/sh;
			shellScript = "diff \"${PODS_ROOT}/../Podfile.lock\" \"${PODS_ROOT}/Manifest.lock\" > /dev/null\nif [[ $? != 0 ]] ; then\n    cat << EOM\nerror: The sandbox is not in sync with the Podfile.lock. Run 'pod install' or update your CocoaPods installation.\nEOM\n    exit 1\nfi\n";
			showEnvVarsInLog = 0;
		};
/* End PBXShellScriptBuildPhase section */

/* Begin PBXSourcesBuildPhase section */
		7E130EAE1D0D88120083E6A5 /* Sources */ = {
			isa = PBXSourcesBuildPhase;
			buildActionMask = 2147483647;
			files = (
				7E130EB71D0D88120083E6A5 /* main.m in Sources */,
				7E85734D1D0E3E4900499C86 /* AppDelegate.m in Sources */,
			);
			runOnlyForDeploymentPostprocessing = 0;
		};
/* End PBXSourcesBuildPhase section */

/* Begin PBXVariantGroup section */
		7E130EC31D0D88120083E6A5 /* LaunchScreen.storyboard */ = {
			isa = PBXVariantGroup;
			children = (
				7E130EC41D0D88120083E6A5 /* Base */,
			);
			name = LaunchScreen.storyboard;
			sourceTree = "<group>";
		};
/* End PBXVariantGroup section */

/* Begin XCBuildConfiguration section */
		7E130EC71D0D88120083E6A5 /* Debug */ = {
			isa = XCBuildConfiguration;
			buildSettings = {
				ALWAYS_SEARCH_USER_PATHS = NO;
				CLANG_CXX_LANGUAGE_STANDARD = "gnu++0x";
				CLANG_CXX_LIBRARY = "libc++";
				CLANG_ENABLE_MODULES = YES;
				CLANG_ENABLE_OBJC_ARC = YES;
				CLANG_WARN_BOOL_CONVERSION = YES;
				CLANG_WARN_CONSTANT_CONVERSION = YES;
				CLANG_WARN_DIRECT_OBJC_ISA_USAGE = YES_ERROR;
				CLANG_WARN_EMPTY_BODY = YES;
				CLANG_WARN_ENUM_CONVERSION = YES;
				CLANG_WARN_INT_CONVERSION = YES;
				CLANG_WARN_OBJC_ROOT_CLASS = YES_ERROR;
				CLANG_WARN_UNREACHABLE_CODE = YES;
				CLANG_WARN__DUPLICATE_METHOD_MATCH = YES;
				"CODE_SIGN_IDENTITY[sdk=iphoneos*]" = "iPhone Developer";
				COPY_PHASE_STRIP = NO;
				DEBUG_INFORMATION_FORMAT = dwarf;
				ENABLE_STRICT_OBJC_MSGSEND = YES;
				ENABLE_TESTABILITY = YES;
				GCC_C_LANGUAGE_STANDARD = gnu99;
				GCC_DYNAMIC_NO_PIC = NO;
				GCC_NO_COMMON_BLOCKS = YES;
				GCC_OPTIMIZATION_LEVEL = 0;
				GCC_PREPROCESSOR_DEFINITIONS = (
					"DEBUG=1",
					"$(inherited)",
				);
				GCC_WARN_64_TO_32_BIT_CONVERSION = YES;
				GCC_WARN_ABOUT_RETURN_TYPE = YES_ERROR;
				GCC_WARN_UNDECLARED_SELECTOR = YES;
				GCC_WARN_UNINITIALIZED_AUTOS = YES_AGGRESSIVE;
				GCC_WARN_UNUSED_FUNCTION = YES;
				GCC_WARN_UNUSED_VARIABLE = YES;
				IPHONEOS_DEPLOYMENT_TARGET = 9.2;
				MTL_ENABLE_DEBUG_INFO = YES;
				ONLY_ACTIVE_ARCH = YES;
				SDKROOT = iphoneos;
			};
			name = Debug;
		};
		7E130EC81D0D88120083E6A5 /* Release */ = {
			isa = XCBuildConfiguration;
			buildSettings = {
				ALWAYS_SEARCH_USER_PATHS = NO;
				CLANG_CXX_LANGUAGE_STANDARD = "gnu++0x";
				CLANG_CXX_LIBRARY = "libc++";
				CLANG_ENABLE_MODULES = YES;
				CLANG_ENABLE_OBJC_ARC = YES;
				CLANG_WARN_BOOL_CONVERSION = YES;
				CLANG_WARN_CONSTANT_CONVERSION = YES;
				CLANG_WARN_DIRECT_OBJC_ISA_USAGE = YES_ERROR;
				CLANG_WARN_EMPTY_BODY = YES;
				CLANG_WARN_ENUM_CONVERSION = YES;
				CLANG_WARN_INT_CONVERSION = YES;
				CLANG_WARN_OBJC_ROOT_CLASS = YES_ERROR;
				CLANG_WARN_UNREACHABLE_CODE = YES;
				CLANG_WARN__DUPLICATE_METHOD_MATCH = YES;
				"CODE_SIGN_IDENTITY[sdk=iphoneos*]" = "iPhone Developer";
				COPY_PHASE_STRIP = NO;
				DEBUG_INFORMATION_FORMAT = "dwarf-with-dsym";
				ENABLE_NS_ASSERTIONS = NO;
				ENABLE_STRICT_OBJC_MSGSEND = YES;
				GCC_C_LANGUAGE_STANDARD = gnu99;
				GCC_NO_COMMON_BLOCKS = YES;
				GCC_WARN_64_TO_32_BIT_CONVERSION = YES;
				GCC_WARN_ABOUT_RETURN_TYPE = YES_ERROR;
				GCC_WARN_UNDECLARED_SELECTOR = YES;
				GCC_WARN_UNINITIALIZED_AUTOS = YES_AGGRESSIVE;
				GCC_WARN_UNUSED_FUNCTION = YES;
				GCC_WARN_UNUSED_VARIABLE = YES;
				IPHONEOS_DEPLOYMENT_TARGET = 9.2;
				MTL_ENABLE_DEBUG_INFO = NO;
				SDKROOT = iphoneos;
				VALIDATE_PRODUCT = YES;
			};
			name = Release;
		};
		7E130ECA1D0D88120083E6A5 /* Debug */ = {
			isa = XCBuildConfiguration;
			baseConfigurationReference = 51B9BD5558CCBFE4E59E1788 /* Pods-喜闻乐见.debug.xcconfig */;
			buildSettings = {
				ASSETCATALOG_COMPILER_APPICON_NAME = AppIcon;
				INFOPLIST_FILE = "喜闻乐见/Info.plist";
				LD_RUNPATH_SEARCH_PATHS = "$(inherited) @executable_path/Frameworks";
				PRODUCT_BUNDLE_IDENTIFIER = "com.boon.www.----";
				PRODUCT_NAME = "$(TARGET_NAME)";
			};
			name = Debug;
		};
		7E130ECB1D0D88120083E6A5 /* Release */ = {
			isa = XCBuildConfiguration;
			baseConfigurationReference = F7214F26334FF339BEC5F739 /* Pods-喜闻乐见.release.xcconfig */;
			buildSettings = {
				ASSETCATALOG_COMPILER_APPICON_NAME = AppIcon;
				INFOPLIST_FILE = "喜闻乐见/Info.plist";
				LD_RUNPATH_SEARCH_PATHS = "$(inherited) @executable_path/Frameworks";
				PRODUCT_BUNDLE_IDENTIFIER = "com.boon.www.----";
				PRODUCT_NAME = "$(TARGET_NAME)";
			};
			name = Release;
		};
/* End XCBuildConfiguration section */

/* Begin XCConfigurationList section */
		7E130EAD1D0D88120083E6A5 /* Build configuration list for PBXProject "喜闻乐见" */ = {
			isa = XCConfigurationList;
			buildConfigurations = (
				7E130EC71D0D88120083E6A5 /* Debug */,
				7E130EC81D0D88120083E6A5 /* Release */,
			);
			defaultConfigurationIsVisible = 0;
			defaultConfigurationName = Release;
		};
		7E130EC91D0D88120083E6A5 /* Build configuration list for PBXNativeTarget "喜闻乐见" */ = {
			isa = XCConfigurationList;
			buildConfigurations = (
				7E130ECA1D0D88120083E6A5 /* Debug */,
				7E130ECB1D0D88120083E6A5 /* Release */,
			);
			defaultConfigurationIsVisible = 0;
			defaultConfigurationName = Release;
		};
/* End XCConfigurationList section */
	};
	rootObject = 7E130EAA1D0D88120083E6A5 /* Project object */;
}
